
Microsoft Visual Studio Solution File, Format Version 12.00
# Visual Studio Version 16
VisualStudioVersion = 16.0.28803.352
MinimumVisualStudioVersion = 10.0.40219.1
Project("{FAE04EC0-301F-11D3-BF4B-00C04F79EFBC}") = "GatherInfoPro", "GatherInfoPro\GatherInfoPro.csproj", "{21283504-F3B5-4038-A4A8-9DB709D7DBC1}"
EndProject
Global
	GlobalSection(SolutionConfigurationPlatforms) = preSolution
		Debug|Any CPU = Debug|Any CPU
		Release|Any CPU = Release|Any CPU
	EndGlobalSection
	GlobalSection(ProjectConfigurationPlatforms) = postSolution
		{21283504-F3B5-4038-A4A8-9DB709D7DBC1}.Debug|Any CPU.ActiveCfg = Debug|Any CPU
		{21283504-F3B5-4038-A4A8-9DB709D7DBC1}.Debug|Any CPU.Build.0 = Debug|Any CPU
		{21283504-F3B5-4038-A4A8-9DB709D7DBC1}.Release|Any CPU.ActiveCfg = Release|Any CPU
		{21283504-F3B5-4038-A4A8-9DB709D7DBC1}.Release|Any CPU.Build.0 = Release|Any CPU
	EndGlobalSection
	GlobalSection(SolutionProperties) = preSolution
		HideSolutionNode = FALSE
	EndGlobalSection
	GlobalSection(ExtensibilityGlobals) = postSolution
		SolutionGuid = {D4966866-0724-422A-887C-324F31C29B5B}
	EndGlobalSection
EndGlobal
